
Microsoft Visual Studio Solution File, Format Version 12.00
# Visual Studio Version 16
VisualStudioVersion = 16.0.31019.35
MinimumVisualStudioVersion = 10.0.40219.1
Project("{FAE04EC0-301F-11D3-BF4B-00C04F79EFBC}") = "Library.WPF", "Library.WPF\Library.WPF.csproj", "{86EA70EF-986E-42DA-B46F-757C9ED2BA64}"
EndProject
Global
	GlobalSection(SolutionConfigurationPlatforms) = preSolution
		Debug|Any CPU = Debug|Any CPU
		Release|Any CPU = Release|Any CPU
	EndGlobalSection
	GlobalSection(ProjectConfigurationPlatforms) = postSolution
		{86EA70EF-986E-42DA-B46F-757C9ED2BA64}.Debug|Any CPU.ActiveCfg = Debug|Any CPU
		{86EA70EF-986E-42DA-B46F-757C9ED2BA64}.Debug|Any CPU.Build.0 = Debug|Any CPU
		{86EA70EF-986E-42DA-B46F-757C9ED2BA64}.Release|Any CPU.ActiveCfg = Release|Any CPU
		{86EA70EF-986E-42DA-B46F-757C9ED2BA64}.Release|Any CPU.Build.0 = Release|Any CPU
	EndGlobalSection
	GlobalSection(SolutionProperties) = preSolution
		HideSolutionNode = FALSE
	EndGlobalSection
	GlobalSection(ExtensibilityGlobals) = postSolution
		SolutionGuid = {7D62B28B-466F-4A19-A153-795E2F316E2D}
	EndGlobalSection
EndGlobal
